<?xml version="1.0" encoding="utf-8"?>
<Project ToolsVersion="4.0" xmlns="http://schemas.microsoft.com/developer/msbuild/2003">
  <ItemGroup>
    <Filter Include="Test">
      <UniqueIdentifier>{ed7dddf3-86ae-4ee7-a079-2d9576ec62d1}</UniqueIdentifier>
    </Filter>
    <Filter Include="Test\MultiThread">
      <UniqueIdentifier>{fb6f28d3-45c8-4a98-bb36-a3f14ba8b344}</UniqueIdentifier>
    </Filter>
    <Filter Include="Test\ThreadPool">
      <UniqueIdentifier>{a626bb89-d48a-4322-a63b-e29cb962eeff}</UniqueIdentifier>
    </Filter>
    <Filter Include="Test\Pair">
      <UniqueIdentifier>{690b76b7-b361-4b36-8d79-79d0e34b5074}</UniqueIdentifier>
    </Filter>
  </ItemGroup>
  <ItemGroup>
    <ClCompile Include="MultiThread.cpp">
      <Filter>Test\MultiThread</Filter>
    </ClCompile>
    <ClCompile Include="Pool_Thread.cpp">
      <Filter>Test\ThreadPool</Filter>
    </ClCompile>
    <ClCompile Include="Tester.cpp" />
    <ClCompile Include="CBingoTest.cpp">
      <Filter>Test\Pair</Filter>
    </ClCompile>
  </ItemGroup>
  <ItemGroup>
    <ClInclude Include="Pool_Thread.h">
      <Filter>Test\ThreadPool</Filter>
    </ClInclude>
    <ClInclude Include="CBingoTest.h">
      <Filter>Test\Pair</Filter>
    </ClInclude>
  </ItemGroup>
</Project>